
Microsoft Visual Studio Solution File, Format Version 12.00
# Visual Studio Version 16
VisualStudioVersion = 16.0.31424.327
MinimumVisualStudioVersion = 10.0.40219.1
Project("{FAE04EC0-301F-11D3-BF4B-00C04F79EFBC}") = "GermanVocabularyApp", "GermanVocabularyApp.csproj", "{70405423-9E67-47AC-9EFC-FA7F9BC225EE}"
EndProject
Global
	GlobalSection(SolutionConfigurationPlatforms) = preSolution
		Debug|Any CPU = Debug|Any CPU
		Release|Any CPU = Release|Any CPU
	EndGlobalSection
	GlobalSection(ProjectConfigurationPlatforms) = postSolution
		{70405423-9E67-47AC-9EFC-FA7F9BC225EE}.Debug|Any CPU.ActiveCfg = Debug|Any CPU
		{70405423-9E67-47AC-9EFC-FA7F9BC225EE}.Debug|Any CPU.Build.0 = Debug|Any CPU
		{70405423-9E67-47AC-9EFC-FA7F9BC225EE}.Release|Any CPU.ActiveCfg = Release|Any CPU
		{70405423-9E67-47AC-9EFC-FA7F9BC225EE}.Release|Any CPU.Build.0 = Release|Any CPU
	EndGlobalSection
	GlobalSection(SolutionProperties) = preSolution
		HideSolutionNode = FALSE
	EndGlobalSection
	GlobalSection(ExtensibilityGlobals) = postSolution
		SolutionGuid = {B233686D-66F8-4409-AE5F-3D3F1AB2ABDC}
	EndGlobalSection
EndGlobal
